
Microsoft Visual Studio Solution File, Format Version 10.00
# Visual C++ Express 2008
Project("{8BC9CEB8-8B4A-11D0-8D11-00A0C91BC942}") = "PlugYRun", "PlugYRun.vcproj", "{1DF62C54-02A0-4E13-A5DC-F975DFBE03FC}"
EndProject
Global
	GlobalSection(SolutionConfigurationPlatforms) = preSolution
		Debug|Win32 = Debug|Win32
		Release|Win32 = Release|Win32
	EndGlobalSection
	GlobalSection(ProjectConfigurationPlatforms) = postSolution
		{1DF62C54-02A0-4E13-A5DC-F975DFBE03FC}.Debug|Win32.ActiveCfg = Debug|Win32
		{1DF62C54-02A0-4E13-A5DC-F975DFBE03FC}.Debug|Win32.Build.0 = Debug|Win32
		{1DF62C54-02A0-4E13-A5DC-F975DFBE03FC}.Release|Win32.ActiveCfg = Release|Win32
		{1DF62C54-02A0-4E13-A5DC-F975DFBE03FC}.Release|Win32.Build.0 = Release|Win32
	EndGlobalSection
	GlobalSection(SolutionProperties) = preSolution
		HideSolutionNode = FALSE
	EndGlobalSection
EndGlobal
