
Microsoft Visual Studio Solution File, Format Version 12.00
# Visual Studio 15
VisualStudioVersion = 15.0.27703.2026
MinimumVisualStudioVersion = 10.0.40219.1
Project("{8BC9CEB8-8B4A-11D0-8D11-00A0C91BC942}") = "PlugYRun", "PlugYRun\PlugYRun.vcxproj", "{1DF62C54-02A0-4E13-A5DC-F975DFBE03FC}"
EndProject
Project("{8BC9CEB8-8B4A-11D0-8D11-00A0C91BC942}") = "PlugY", "PlugY\PlugY.vcxproj", "{EB63DF4E-A019-4522-A140-9E8C7350B331}"
EndProject
Project("{8BC9CEB8-8B4A-11D0-8D11-00A0C91BC942}") = "PlugYInstall", "PlugYInstall\PlugYInstall.vcxproj", "{66A1FF3D-F0DC-4D2D-BDB9-1A853A20C42D}"
EndProject
Global
	GlobalSection(SolutionConfigurationPlatforms) = preSolution
		Debug|x86 = Debug|x86
		Release|x86 = Release|x86
		Restore|x86 = Restore|x86
	EndGlobalSection
	GlobalSection(ProjectConfigurationPlatforms) = postSolution
		{1DF62C54-02A0-4E13-A5DC-F975DFBE03FC}.Debug|x86.ActiveCfg = Debug|Win32
		{1DF62C54-02A0-4E13-A5DC-F975DFBE03FC}.Debug|x86.Build.0 = Debug|Win32
		{1DF62C54-02A0-4E13-A5DC-F975DFBE03FC}.Release|x86.ActiveCfg = Release|Win32
		{1DF62C54-02A0-4E13-A5DC-F975DFBE03FC}.Release|x86.Build.0 = Release|Win32
		{1DF62C54-02A0-4E13-A5DC-F975DFBE03FC}.Restore|x86.ActiveCfg = Release|Win32
		{1DF62C54-02A0-4E13-A5DC-F975DFBE03FC}.Restore|x86.Build.0 = Release|Win32
		{EB63DF4E-A019-4522-A140-9E8C7350B331}.Debug|x86.ActiveCfg = Debug|Win32
		{EB63DF4E-A019-4522-A140-9E8C7350B331}.Debug|x86.Build.0 = Debug|Win32
		{EB63DF4E-A019-4522-A140-9E8C7350B331}.Release|x86.ActiveCfg = Release|Win32
		{EB63DF4E-A019-4522-A140-9E8C7350B331}.Release|x86.Build.0 = Release|Win32
		{EB63DF4E-A019-4522-A140-9E8C7350B331}.Restore|x86.ActiveCfg = Release|Win32
		{EB63DF4E-A019-4522-A140-9E8C7350B331}.Restore|x86.Build.0 = Release|Win32
		{66A1FF3D-F0DC-4D2D-BDB9-1A853A20C42D}.Debug|x86.ActiveCfg = Debug|Win32
		{66A1FF3D-F0DC-4D2D-BDB9-1A853A20C42D}.Debug|x86.Build.0 = Debug|Win32
		{66A1FF3D-F0DC-4D2D-BDB9-1A853A20C42D}.Release|x86.ActiveCfg = Release|Win32
		{66A1FF3D-F0DC-4D2D-BDB9-1A853A20C42D}.Release|x86.Build.0 = Release|Win32
		{66A1FF3D-F0DC-4D2D-BDB9-1A853A20C42D}.Restore|x86.ActiveCfg = Restore|Win32
		{66A1FF3D-F0DC-4D2D-BDB9-1A853A20C42D}.Restore|x86.Build.0 = Restore|Win32
	EndGlobalSection
	GlobalSection(SolutionProperties) = preSolution
		HideSolutionNode = FALSE
	EndGlobalSection
	GlobalSection(ExtensibilityGlobals) = postSolution
		SolutionGuid = {4318053A-0AC3-49C1-8A1B-168E1C8F3AE3}
	EndGlobalSection
EndGlobal
