<?xml version="1.0" encoding="utf-8"?>
<Project ToolsVersion="4.0" xmlns="http://schemas.microsoft.com/developer/msbuild/2003">
  <ItemGroup>
    <Filter Include="Source Files">
      <UniqueIdentifier>{4FC737F1-C7A5-4376-A066-2A32D752A2FF}</UniqueIdentifier>
      <Extensions>cpp;c;cc;cxx;def;odl;idl;hpj;bat;asm;asmx</Extensions>
    </Filter>
    <Filter Include="Header Files">
      <UniqueIdentifier>{93995380-89BD-4b04-88EB-625FBE52EBFB}</UniqueIdentifier>
      <Extensions>h;hh;hpp;hxx;hm;inl;inc;xsd</Extensions>
    </Filter>
    <Filter Include="Resource Files">
      <UniqueIdentifier>{67DA6AB6-F800-4c08-8B7A-83BB121AAD01}</UniqueIdentifier>
      <Extensions>rc;ico;cur;bmp;dlg;rc2;rct;bin;rgs;gif;jpg;jpeg;jpe;resx;tiff;tif;png;wav;mfcribbon-ms</Extensions>
    </Filter>
    <Filter Include="Header Files\Commons">
      <UniqueIdentifier>{f21d23d6-3719-4624-84e8-f488328334b7}</UniqueIdentifier>
    </Filter>
  </ItemGroup>
  <ItemGroup>
    <ClInclude Include="stdafx.h">
      <Filter>Header Files</Filter>
    </ClInclude>
    <ClInclude Include="targetver.h">
      <Filter>Header Files</Filter>
    </ClInclude>
    <ClInclude Include="resource.h">
      <Filter>Header Files</Filter>
    </ClInclude>
    <ClInclude Include="savePath.h">
      <Filter>Header Files</Filter>
    </ClInclude>
    <ClInclude Include="savePlayerData.h">
      <Filter>Header Files</Filter>
    </ClInclude>
    <ClInclude Include="sharedSaveFile.h">
      <Filter>Header Files</Filter>
    </ClInclude>
    <ClInclude Include="skillPerLevelUp.h">
      <Filter>Header Files</Filter>
    </ClInclude>
    <ClInclude Include="skillsPoints.h">
      <Filter>Header Files</Filter>
    </ClInclude>
    <ClInclude Include="statPerLevelUp.h">
      <Filter>Header Files</Filter>
    </ClInclude>
    <ClInclude Include="statsPoints.h">
      <Filter>Header Files</Filter>
    </ClInclude>
    <ClInclude Include="uberQuest.h">
      <Filter>Header Files</Filter>
    </ClInclude>
    <ClInclude Include="updateClient.h">
      <Filter>Header Files</Filter>
    </ClInclude>
    <ClInclude Include="updateServer.h">
      <Filter>Header Files</Filter>
    </ClInclude>
    <ClInclude Include="worldEvent.h">
      <Filter>Header Files</Filter>
    </ClInclude>
    <ClInclude Include="bigStash.h">
      <Filter>Header Files</Filter>
    </ClInclude>
    <ClInclude Include="clientSaveFile.h">
      <Filter>Header Files</Filter>
    </ClInclude>
    <ClInclude Include="commands.h">
      <Filter>Header Files</Filter>
    </ClInclude>
    <ClInclude Include="common.h">
      <Filter>Header Files</Filter>
    </ClInclude>
    <ClInclude Include="customData.h">
      <Filter>Header Files</Filter>
    </ClInclude>
    <ClInclude Include="customLibraries.h">
      <Filter>Header Files</Filter>
    </ClInclude>
    <ClInclude Include="d2functions.h">
      <Filter>Header Files</Filter>
    </ClInclude>
    <ClInclude Include="error.h">
      <Filter>Header Files</Filter>
    </ClInclude>
    <ClInclude Include="extendedSaveFile.h">
      <Filter>Header Files</Filter>
    </ClInclude>
    <ClInclude Include="extraOptions.h">
      <Filter>Header Files</Filter>
    </ClInclude>
    <ClInclude Include="globalVariable.h">
      <Filter>Header Files</Filter>
    </ClInclude>
    <ClInclude Include="infinityStash.h">
      <Filter>Header Files</Filter>
    </ClInclude>
    <ClInclude Include="INIfile.h">
      <Filter>Header Files</Filter>
    </ClInclude>
    <ClInclude Include="interface_Skills.h">
      <Filter>Header Files</Filter>
    </ClInclude>
    <ClInclude Include="interface_Stash.h">
      <Filter>Header Files</Filter>
    </ClInclude>
    <ClInclude Include="interface_Stats.h">
      <Filter>Header Files</Filter>
    </ClInclude>
    <ClInclude Include="language.h">
      <Filter>Header Files</Filter>
    </ClInclude>
    <ClInclude Include="loadPlayerData.h">
      <Filter>Header Files</Filter>
    </ClInclude>
    <ClInclude Include="mainScreen.h">
      <Filter>Header Files</Filter>
    </ClInclude>
    <ClInclude Include="modifMemory.h">
      <Filter>Header Files</Filter>
    </ClInclude>
    <ClInclude Include="newInterface_CubeListing.h">
      <Filter>Header Files</Filter>
    </ClInclude>
    <ClInclude Include="newInterface_Runewords.h">
      <Filter>Header Files</Filter>
    </ClInclude>
    <ClInclude Include="newInterface_Stats.h">
      <Filter>Header Files</Filter>
    </ClInclude>
    <ClInclude Include="newInterface_StatsPageTwo.h">
      <Filter>Header Files</Filter>
    </ClInclude>
    <ClInclude Include="newInterfaces.h">
      <Filter>Header Files</Filter>
    </ClInclude>
    <ClInclude Include="othersFeatures.h">
      <Filter>Header Files</Filter>
    </ClInclude>
    <ClInclude Include="parameters.h">
      <Filter>Header Files</Filter>
    </ClInclude>
    <ClInclude Include="playerCustomData.h">
      <Filter>Header Files</Filter>
    </ClInclude>
    <ClInclude Include="plugYFiles.h">
      <Filter>Header Files</Filter>
    </ClInclude>
    <ClInclude Include="..\Commons\d2BinFile.h">
      <Filter>Header Files\Commons</Filter>
    </ClInclude>
    <ClInclude Include="..\Commons\d2constants.h">
      <Filter>Header Files\Commons</Filter>
    </ClInclude>
    <ClInclude Include="..\Commons\D2Funcs.h">
      <Filter>Header Files\Commons</Filter>
    </ClInclude>
    <ClInclude Include="..\Commons\d2StringTblStruct.h">
      <Filter>Header Files\Commons</Filter>
    </ClInclude>
    <ClInclude Include="..\Commons\d2Struct.h">
      <Filter>Header Files\Commons</Filter>
    </ClInclude>
    <ClInclude Include="..\Commons\D2UnitStruct.h">
      <Filter>Header Files\Commons</Filter>
    </ClInclude>
    <ClInclude Include="..\Commons\updatingConst.h">
      <Filter>Header Files\Commons</Filter>
    </ClInclude>
  </ItemGroup>
  <ItemGroup>
    <ClCompile Include="stdafx.cpp">
      <Filter>Source Files</Filter>
    </ClCompile>
    <ClCompile Include="PlugY.cpp">
      <Filter>Source Files</Filter>
    </ClCompile>
    <ClCompile Include="dllmain.cpp">
      <Filter>Source Files</Filter>
    </ClCompile>
    <ClCompile Include="SavePlayerData.cpp">
      <Filter>Source Files</Filter>
    </ClCompile>
    <ClCompile Include="SharedSaveFile.cpp">
      <Filter>Source Files</Filter>
    </ClCompile>
    <ClCompile Include="SkillPerLevelUp.cpp">
      <Filter>Source Files</Filter>
    </ClCompile>
    <ClCompile Include="SkillsPoints.cpp">
      <Filter>Source Files</Filter>
    </ClCompile>
    <ClCompile Include="StatPerLevelUp.cpp">
      <Filter>Source Files</Filter>
    </ClCompile>
    <ClCompile Include="StatsPoints.cpp">
      <Filter>Source Files</Filter>
    </ClCompile>
    <ClCompile Include="UberQuest.cpp">
      <Filter>Source Files</Filter>
    </ClCompile>
    <ClCompile Include="UpdateClient.cpp">
      <Filter>Source Files</Filter>
    </ClCompile>
    <ClCompile Include="UpdateServer.cpp">
      <Filter>Source Files</Filter>
    </ClCompile>
    <ClCompile Include="WorldEvent.cpp">
      <Filter>Source Files</Filter>
    </ClCompile>
    <ClCompile Include="BigStash.cpp">
      <Filter>Source Files</Filter>
    </ClCompile>
    <ClCompile Include="ClientSaveFile.cpp">
      <Filter>Source Files</Filter>
    </ClCompile>
    <ClCompile Include="Commands.cpp">
      <Filter>Source Files</Filter>
    </ClCompile>
    <ClCompile Include="Common.cpp">
      <Filter>Source Files</Filter>
    </ClCompile>
    <ClCompile Include="CustomLibraries.cpp">
      <Filter>Source Files</Filter>
    </ClCompile>
    <ClCompile Include="D2functions.cpp">
      <Filter>Source Files</Filter>
    </ClCompile>
    <ClCompile Include="D2wrapper.cpp">
      <Filter>Source Files</Filter>
    </ClCompile>
    <ClCompile Include="Error.cpp">
      <Filter>Source Files</Filter>
    </ClCompile>
    <ClCompile Include="ExtendedSaveFile.cpp">
      <Filter>Source Files</Filter>
    </ClCompile>
    <ClCompile Include="ExtraOptions.cpp">
      <Filter>Source Files</Filter>
    </ClCompile>
    <ClCompile Include="GlobalVariable.cpp">
      <Filter>Source Files</Filter>
    </ClCompile>
    <ClCompile Include="InfinityStash.cpp">
      <Filter>Source Files</Filter>
    </ClCompile>
    <ClCompile Include="INIfile.cpp">
      <Filter>Source Files</Filter>
    </ClCompile>
    <ClCompile Include="Interface_Skills.cpp">
      <Filter>Source Files</Filter>
    </ClCompile>
    <ClCompile Include="Interface_Stash.cpp">
      <Filter>Source Files</Filter>
    </ClCompile>
    <ClCompile Include="Interface_Stats.cpp">
      <Filter>Source Files</Filter>
    </ClCompile>
    <ClCompile Include="Language.cpp">
      <Filter>Source Files</Filter>
    </ClCompile>
    <ClCompile Include="LoadPlayerData.cpp">
      <Filter>Source Files</Filter>
    </ClCompile>
    <ClCompile Include="MainScreen.cpp">
      <Filter>Source Files</Filter>
    </ClCompile>
    <ClCompile Include="ModifMemory.cpp">
      <Filter>Source Files</Filter>
    </ClCompile>
    <ClCompile Include="NewInterface_CubeListing.cpp">
      <Filter>Source Files</Filter>
    </ClCompile>
    <ClCompile Include="NewInterface_Runewords.cpp">
      <Filter>Source Files</Filter>
    </ClCompile>
    <ClCompile Include="NewInterface_Stats.cpp">
      <Filter>Source Files</Filter>
    </ClCompile>
    <ClCompile Include="NewInterface_StatsPageTwo.cpp">
      <Filter>Source Files</Filter>
    </ClCompile>
    <ClCompile Include="NewInterfaces.cpp">
      <Filter>Source Files</Filter>
    </ClCompile>
    <ClCompile Include="OthersFeatures.cpp">
      <Filter>Source Files</Filter>
    </ClCompile>
    <ClCompile Include="Parameters.cpp">
      <Filter>Source Files</Filter>
    </ClCompile>
    <ClCompile Include="PlayerCustomData.cpp">
      <Filter>Source Files</Filter>
    </ClCompile>
    <ClCompile Include="PlugYFiles.cpp">
      <Filter>Source Files</Filter>
    </ClCompile>
    <ClCompile Include="SavePath.cpp">
      <Filter>Source Files</Filter>
    </ClCompile>
  </ItemGroup>
  <ItemGroup>
    <ResourceCompile Include="PlugY.rc">
      <Filter>Resource Files</Filter>
    </ResourceCompile>
  </ItemGroup>
</Project>